lockfileVersion: '9.0'

settings:
  autoInstallPeers: true
  excludeLinksFromLockfile: false

importers:

  .:
    devDependencies:
      baseline-browser-mapping:
        specifier: ^2.10.16
        version: 2.10.16

packages:

  baseline-browser-mapping@2.10.16:
    resolution: {integrity: sha512-Lyf3aK28zpsD1yQMiiHD4RvVb6UdMoo8xzG2XzFIfR9luPzOpcBlAsT/qfB1XWS1bxWT+UtE4WmQgsp297FYOA==}
    engines: {node: '>=6.0.0'}
    hasBin: true

snapshots:

  baseline-browser-mapping@2.10.16: {}
